
Microsoft Visual Studio Solution File, Format Version 12.00
# Visual Studio Version 17
VisualStudioVersion = 17.14.37111.16 d17.14
MinimumVisualStudioVersion = 10.0.40219.1
Project("{FAE04EC0-301F-11D3-BF4B-00C04F79EFBC}") = "WpfApp1", "WpfApp1\WpfApp1.csproj", "{AC237434-3D98-4F8F-BF7E-58BBEA80A32F}"
EndProject
Project("{FAE04EC0-301F-11D3-BF4B-00C04F79EFBC}") = "MyService", "MyService\MyService.csproj", "{193026F6-031B-4C15-A4E2-FE08354748CE}"
EndProject
Project("{2150E333-8FDC-42A3-9474-1A3956D46DE8}") = "Solution Items", "Solution Items", "{8EC462FD-D22E-90A8-E5CE-7E832BA40C5D}"
	ProjectSection(SolutionItems) = preProject
		README.md = README.md
	EndProjectSection
EndProject
Global
	GlobalSection(SolutionConfigurationPlatforms) = preSolution
		Debug|Any CPU = Debug|Any CPU
		Release|Any CPU = Release|Any CPU
	EndGlobalSection
	GlobalSection(ProjectConfigurationPlatforms) = postSolution
		{AC237434-3D98-4F8F-BF7E-58BBEA80A32F}.Debug|Any CPU.ActiveCfg = Debug|Any CPU
		{AC237434-3D98-4F8F-BF7E-58BBEA80A32F}.Debug|Any CPU.Build.0 = Debug|Any CPU
		{AC237434-3D98-4F8F-BF7E-58BBEA80A32F}.Release|Any CPU.ActiveCfg = Release|Any CPU
		{AC237434-3D98-4F8F-BF7E-58BBEA80A32F}.Release|Any CPU.Build.0 = Release|Any CPU
		{193026F6-031B-4C15-A4E2-FE08354748CE}.Debug|Any CPU.ActiveCfg = Debug|Any CPU
		{193026F6-031B-4C15-A4E2-FE08354748CE}.Debug|Any CPU.Build.0 = Debug|Any CPU
		{193026F6-031B-4C15-A4E2-FE08354748CE}.Release|Any CPU.ActiveCfg = Release|Any CPU
		{193026F6-031B-4C15-A4E2-FE08354748CE}.Release|Any CPU.Build.0 = Release|Any CPU
	EndGlobalSection
	GlobalSection(SolutionProperties) = preSolution
		HideSolutionNode = FALSE
	EndGlobalSection
	GlobalSection(ExtensibilityGlobals) = postSolution
		SolutionGuid = {A5C2E7F9-0D2C-4CC6-8C0F-FC2A8F923312}
	EndGlobalSection
EndGlobal
