
Microsoft Visual Studio Solution File, Format Version 12.00
# Visual Studio Version 17
VisualStudioVersion = 17.14.37111.16
MinimumVisualStudioVersion = 10.0.40219.1
Project("{2150E333-8FDC-42A3-9474-1A3956D46DE8}") = "Solution Items", "Solution Items", "{8EC462FD-D22E-90A8-E5CE-7E832BA40C5D}"
	ProjectSection(SolutionItems) = preProject
		README.md = README.md
	EndProjectSection
EndProject
Project("{FAE04EC0-301F-11D3-BF4B-00C04F79EFBC}") = "app_mutex", "app_mutex\app_mutex.csproj", "{77CDC168-DE14-47A6-B015-687AB666DE72}"
EndProject
Project("{FAE04EC0-301F-11D3-BF4B-00C04F79EFBC}") = "PrismUI", "PrismUI\PrismUI.csproj", "{FBDE0EF4-73A8-18B8-7C80-791CAD52934C}"
EndProject
Project("{FAE04EC0-301F-11D3-BF4B-00C04F79EFBC}") = "ItemService", "ItemService\ItemService.csproj", "{CB0C35AF-A1A3-9D48-1971-4F604274956A}"
EndProject
Project("{FAE04EC0-301F-11D3-BF4B-00C04F79EFBC}") = "license_check", "license_check\license_check.csproj", "{3000F2D1-E33C-DC6B-72B4-3DA5370181C7}"
EndProject
Global
	GlobalSection(SolutionConfigurationPlatforms) = preSolution
		Debug|Any CPU = Debug|Any CPU
		Release|Any CPU = Release|Any CPU
	EndGlobalSection
	GlobalSection(ProjectConfigurationPlatforms) = postSolution
		{77CDC168-DE14-47A6-B015-687AB666DE72}.Debug|Any CPU.ActiveCfg = Debug|Any CPU
		{77CDC168-DE14-47A6-B015-687AB666DE72}.Debug|Any CPU.Build.0 = Debug|Any CPU
		{77CDC168-DE14-47A6-B015-687AB666DE72}.Release|Any CPU.ActiveCfg = Release|Any CPU
		{77CDC168-DE14-47A6-B015-687AB666DE72}.Release|Any CPU.Build.0 = Release|Any CPU
		{FBDE0EF4-73A8-18B8-7C80-791CAD52934C}.Debug|Any CPU.ActiveCfg = Debug|Any CPU
		{FBDE0EF4-73A8-18B8-7C80-791CAD52934C}.Debug|Any CPU.Build.0 = Debug|Any CPU
		{FBDE0EF4-73A8-18B8-7C80-791CAD52934C}.Release|Any CPU.ActiveCfg = Release|Any CPU
		{FBDE0EF4-73A8-18B8-7C80-791CAD52934C}.Release|Any CPU.Build.0 = Release|Any CPU
		{CB0C35AF-A1A3-9D48-1971-4F604274956A}.Debug|Any CPU.ActiveCfg = Debug|Any CPU
		{CB0C35AF-A1A3-9D48-1971-4F604274956A}.Debug|Any CPU.Build.0 = Debug|Any CPU
		{CB0C35AF-A1A3-9D48-1971-4F604274956A}.Release|Any CPU.ActiveCfg = Release|Any CPU
		{CB0C35AF-A1A3-9D48-1971-4F604274956A}.Release|Any CPU.Build.0 = Release|Any CPU
		{3000F2D1-E33C-DC6B-72B4-3DA5370181C7}.Debug|Any CPU.ActiveCfg = Debug|Any CPU
		{3000F2D1-E33C-DC6B-72B4-3DA5370181C7}.Debug|Any CPU.Build.0 = Debug|Any CPU
		{3000F2D1-E33C-DC6B-72B4-3DA5370181C7}.Release|Any CPU.ActiveCfg = Release|Any CPU
		{3000F2D1-E33C-DC6B-72B4-3DA5370181C7}.Release|Any CPU.Build.0 = Release|Any CPU
	EndGlobalSection
	GlobalSection(SolutionProperties) = preSolution
		HideSolutionNode = FALSE
	EndGlobalSection
	GlobalSection(ExtensibilityGlobals) = postSolution
		SolutionGuid = {A5C2E7F9-0D2C-4CC6-8C0F-FC2A8F923312}
	EndGlobalSection
EndGlobal
